
Microsoft Visual Studio Solution File, Format Version 12.00
# Visual Studio Version 16
VisualStudioVersion = 16.0.32002.222
MinimumVisualStudioVersion = 10.0.40219.1
Project("{FAE04EC0-301F-11D3-BF4B-00C04F79EFBC}") = "HelloWorld", "HelloWorld.csproj", "{3902ED16-5E8E-4E5A-8727-D860CCBECE2C}"
EndProject
Global
	GlobalSection(SolutionConfigurationPlatforms) = preSolution
		Debug|Any CPU = Debug|Any CPU
		Release|Any CPU = Release|Any CPU
	EndGlobalSection
	GlobalSection(ProjectConfigurationPlatforms) = postSolution
		{3902ED16-5E8E-4E5A-8727-D860CCBECE2C}.Debug|Any CPU.ActiveCfg = Debug|Any CPU
		{3902ED16-5E8E-4E5A-8727-D860CCBECE2C}.Debug|Any CPU.Build.0 = Debug|Any CPU
		{3902ED16-5E8E-4E5A-8727-D860CCBECE2C}.Release|Any CPU.ActiveCfg = Release|Any CPU
		{3902ED16-5E8E-4E5A-8727-D860CCBECE2C}.Release|Any CPU.Build.0 = Release|Any CPU
	EndGlobalSection
	GlobalSection(SolutionProperties) = preSolution
		HideSolutionNode = FALSE
	EndGlobalSection
	GlobalSection(ExtensibilityGlobals) = postSolution
		SolutionGuid = {4033C0EB-DB13-4096-9307-FBF6361D5105}
	EndGlobalSection
EndGlobal
